// !$*UTF8*$!
{
	archiveVersion = 1;
	classes = {
	};
	objectVersion = 46;
	objects = {

/* Begin PBXBuildFile section */
		6E0EFA0C1F556AB1002EAF24 /* AppDelegate.swift in Sources */ = {isa = PBXBuildFile; fileRef = 6E0EFA0B1F556AB1002EAF24 /* AppDelegate.swift */; };
		6E0EFA111F556AB1002EAF24 /* Main.storyboard in Resources */ = {isa = PBXBuildFile; fileRef = 6E0EFA0F1F556AB1002EAF24 /* Main.storyboard */; };
		6E0EFA141F556AB1002EAF24 /* Bu_stia_de_Muro.xcdatamodeld in Sources */ = {isa = PBXBuildFile; fileRef = 6E0EFA121F556AB1002EAF24 /* Bu_stia_de_Muro.xcdatamodeld */; };
		6E0EFA161F556AB1002EAF24 /* Assets.xcassets in Resources */ = {isa = PBXBuildFile; fileRef = 6E0EFA151F556AB1002EAF24 /* Assets.xcassets */; };
		6E0EFA191F556AB1002EAF24 /* LaunchScreen.storyboard in Resources */ = {isa = PBXBuildFile; fileRef = 6E0EFA171F556AB1002EAF24 /* LaunchScreen.storyboard */; };
		6E0EFA241F556AB1002EAF24 /* Bu_stia_de_MuroTests.swift in Sources */ = {isa = PBXBuildFile; fileRef = 6E0EFA231F556AB1002EAF24 /* Bu_stia_de_MuroTests.swift */; };
		6E0EFA2F1F556AB1002EAF24 /* Bu_stia_de_MuroUITests.swift in Sources */ = {isa = PBXBuildFile; fileRef = 6E0EFA2E1F556AB1002EAF24 /* Bu_stia_de_MuroUITests.swift */; };
		6E89C91D1F5722F400C8929B /* GoogleService-Info.plist in Resources */ = {isa = PBXBuildFile; fileRef = 6E89C91C1F5722F400C8929B /* GoogleService-Info.plist */; };
		6EBB770E1F55F02F009C31C1 /* MapKit.framework in Frameworks */ = {isa = PBXBuildFile; fileRef = 6EBB770D1F55F02F009C31C1 /* MapKit.framework */; };
		6EBB77101F55F059009C31C1 /* ExternalAccessory.framework in Frameworks */ = {isa = PBXBuildFile; fileRef = 6EBB770F1F55F059009C31C1 /* ExternalAccessory.framework */; };
		6EBB77151F5601CC009C31C1 /* Instrucciones.swift in Sources */ = {isa = PBXBuildFile; fileRef = 6EBB77141F5601CC009C31C1 /* Instrucciones.swift */; };
		6EBB77171F560260009C31C1 /* Inicio.swift in Sources */ = {isa = PBXBuildFile; fileRef = 6EBB77161F560260009C31C1 /* Inicio.swift */; };
		6EBB77191F560361009C31C1 /* Login.swift in Sources */ = {isa = PBXBuildFile; fileRef = 6EBB77181F560361009C31C1 /* Login.swift */; };
		6EBB771B1F56036E009C31C1 /* Registro.swift in Sources */ = {isa = PBXBuildFile; fileRef = 6EBB771A1F56036E009C31C1 /* Registro.swift */; };
		6EBB771D1F56038F009C31C1 /* Protected.swift in Sources */ = {isa = PBXBuildFile; fileRef = 6EBB771C1F56038F009C31C1 /* Protected.swift */; };
		6EBB77201F56058C009C31C1 /* ListadoMensajes.swift in Sources */ = {isa = PBXBuildFile; fileRef = 6EBB771F1F56058C009C31C1 /* ListadoMensajes.swift */; };
		6EBB77241F5609D1009C31C1 /* VistaDetallada.swift in Sources */ = {isa = PBXBuildFile; fileRef = 6EBB77231F5609D1009C31C1 /* VistaDetallada.swift */; };
		6EBB77271F560C77009C31C1 /* EnviarMensaje.swift in Sources */ = {isa = PBXBuildFile; fileRef = 6EBB77261F560C77009C31C1 /* EnviarMensaje.swift */; };
		6EBB77291F560CA6009C31C1 /* TableViewCell.swift in Sources */ = {isa = PBXBuildFile; fileRef = 6EBB77281F560CA6009C31C1 /* TableViewCell.swift */; };
		6EBB772B1F560E22009C31C1 /* Localizacion.swift in Sources */ = {isa = PBXBuildFile; fileRef = 6EBB772A1F560E22009C31C1 /* Localizacion.swift */; };
		6FE705374B88709A56CA7557 /* Pods_Bu_stia_de_MuroTests.framework in Frameworks */ = {isa = PBXBuildFile; fileRef = D9E04C0EE9AB6C37109C3E12 /* Pods_Bu_stia_de_MuroTests.framework */; };
		B64148FBB7B0C1D5E496AF13 /* Pods_Bu_stia_de_Muro.framework in Frameworks */ = {isa = PBXBuildFile; fileRef = 338C9190A8E666063F374F54 /* Pods_Bu_stia_de_Muro.framework */; };
		C6D18E3F1B4982E0D3074C38 /* Pods_Bu_stia_de_MuroUITests.framework in Frameworks */ = {isa = PBXBuildFile; fileRef = 8A1B24226B87E3C67231BB36 /* Pods_Bu_stia_de_MuroUITests.framework */; };
/* End PBXBuildFile section */

/* Begin PBXContainerItemProxy section */
		6E0EFA201F556AB1002EAF24 /* PBXContainerItemProxy */ = {
			isa = PBXContainerItemProxy;
			containerPortal = 6E0EFA001F556AB1002EAF24 /* Project object */;
			proxyType = 1;
			remoteGlobalIDString = 6E0EFA071F556AB1002EAF24;
			remoteInfo = "Bústia de Muro";
		};
		6E0EFA2B1F556AB1002EAF24 /* PBXContainerItemProxy */ = {
			isa = PBXContainerItemProxy;
			containerPortal = 6E0EFA001F556AB1002EAF24 /* Project object */;
			proxyType = 1;
			remoteGlobalIDString = 6E0EFA071F556AB1002EAF24;
			remoteInfo = "Bústia de Muro";
		};
/* End PBXContainerItemProxy section */

/* Begin PBXFileReference section */
		005E2D69394AAA4CED6B557B /* Pods-Bústia de Muro.release.xcconfig */ = {isa = PBXFileReference; includeInIndex = 1; lastKnownFileType = text.xcconfig; name = "Pods-Bústia de Muro.release.xcconfig"; path = "Pods/Target Support Files/Pods-Bústia de Muro/Pods-Bústia de Muro.release.xcconfig"; sourceTree = "<group>"; };
		25437329AA65D009ABFFB30E /* Pods-Bústia de MuroUITests.debug.xcconfig */ = {isa = PBXFileReference; includeInIndex = 1; lastKnownFileType = text.xcconfig; name = "Pods-Bústia de MuroUITests.debug.xcconfig"; path = "Pods/Target Support Files/Pods-Bústia de MuroUITests/Pods-Bústia de MuroUITests.debug.xcconfig"; sourceTree = "<group>"; };
		338C9190A8E666063F374F54 /* Pods_Bu_stia_de_Muro.framework */ = {isa = PBXFileReference; explicitFileType = wrapper.framework; includeInIndex = 0; path = Pods_Bu_stia_de_Muro.framework; sourceTree = BUILT_PRODUCTS_DIR; };
		4E5E6E59B45C6FC3AB7A5089 /* Pods-Bústia de MuroTests.release.xcconfig */ = {isa = PBXFileReference; includeInIndex = 1; lastKnownFileType = text.xcconfig; name = "Pods-Bústia de MuroTests.release.xcconfig"; path = "Pods/Target Support Files/Pods-Bústia de MuroTests/Pods-Bústia de MuroTests.release.xcconfig"; sourceTree = "<group>"; };
		5DBB7CEFF70976D110749056 /* Pods-Bústia de MuroUITests.release.xcconfig */ = {isa = PBXFileReference; includeInIndex = 1; lastKnownFileType = text.xcconfig; name = "Pods-Bústia de MuroUITests.release.xcconfig"; path = "Pods/Target Support Files/Pods-Bústia de MuroUITests/Pods-Bústia de MuroUITests.release.xcconfig"; sourceTree = "<group>"; };
		6E0EFA081F556AB1002EAF24 /* Bústia de Muro.app */ = {isa = PBXFileReference; explicitFileType = wrapper.application; includeInIndex = 0; path = "Bústia de Muro.app"; sourceTree = BUILT_PRODUCTS_DIR; };
		6E0EFA0B1F556AB1002EAF24 /* AppDelegate.swift */ = {isa = PBXFileReference; lastKnownFileType = sourcecode.swift; path = AppDelegate.swift; sourceTree = "<group>"; };
		6E0EFA101F556AB1002EAF24 /* Base */ = {isa = PBXFileReference; lastKnownFileType = file.storyboard; name = Base; path = Base.lproj/Main.storyboard; sourceTree = "<group>"; };
		6E0EFA131F556AB1002EAF24 /* Bu_stia_de_Muro.xcdatamodel */ = {isa = PBXFileReference; lastKnownFileType = wrapper.xcdatamodel; path = Bu_stia_de_Muro.xcdatamodel; sourceTree = "<group>"; };
		6E0EFA151F556AB1002EAF24 /* Assets.xcassets */ = {isa = PBXFileReference; lastKnownFileType = folder.assetcatalog; path = Assets.xcassets; sourceTree = "<group>"; };
		6E0EFA181F556AB1002EAF24 /* Base */ = {isa = PBXFileReference; lastKnownFileType = file.storyboard; name = Base; path = Base.lproj/LaunchScreen.storyboard; sourceTree = "<group>"; };
		6E0EFA1A1F556AB1002EAF24 /* Info.plist */ = {isa = PBXFileReference; lastKnownFileType = text.plist.xml; path = Info.plist; sourceTree = "<group>"; };
		6E0EFA1F1F556AB1002EAF24 /* Bústia de MuroTests.xctest */ = {isa = PBXFileReference; explicitFileType = wrapper.cfbundle; includeInIndex = 0; path = "Bústia de MuroTests.xctest"; sourceTree = BUILT_PRODUCTS_DIR; };
		6E0EFA231F556AB1002EAF24 /* Bu_stia_de_MuroTests.swift */ = {isa = PBXFileReference; lastKnownFileType = sourcecode.swift; path = Bu_stia_de_MuroTests.swift; sourceTree = "<group>"; };
		6E0EFA251F556AB1002EAF24 /* Info.plist */ = {isa = PBXFileReference; lastKnownFileType = text.plist.xml; path = Info.plist; sourceTree = "<group>"; };
		6E0EFA2A1F556AB1002EAF24 /* Bústia de MuroUITests.xctest */ = {isa = PBXFileReference; explicitFileType = wrapper.cfbundle; includeInIndex = 0; path = "Bústia de MuroUITests.xctest"; sourceTree = BUILT_PRODUCTS_DIR; };
		6E0EFA2E1F556AB1002EAF24 /* Bu_stia_de_MuroUITests.swift */ = {isa = PBXFileReference; lastKnownFileType = sourcecode.swift; path = Bu_stia_de_MuroUITests.swift; sourceTree = "<group>"; };
		6E0EFA301F556AB1002EAF24 /* Info.plist */ = {isa = PBXFileReference; lastKnownFileType = text.plist.xml; path = Info.plist; sourceTree = "<group>"; };
		6E5BBDC41F63148A003517E9 /* es */ = {isa = PBXFileReference; lastKnownFileType = text.plist.strings; name = es; path = es.lproj/Main.strings; sourceTree = "<group>"; };
		6E5BBDC51F63148A003517E9 /* es */ = {isa = PBXFileReference; lastKnownFileType = text.plist.strings; name = es; path = es.lproj/LaunchScreen.strings; sourceTree = "<group>"; };
		6E5BBDC61F631495003517E9 /* ca */ = {isa = PBXFileReference; lastKnownFileType = text.plist.strings; name = ca; path = ca.lproj/Main.strings; sourceTree = "<group>"; };
		6E5BBDC71F631495003517E9 /* ca */ = {isa = PBXFileReference; lastKnownFileType = text.plist.strings; name = ca; path = ca.lproj/LaunchScreen.strings; sourceTree = "<group>"; };
		6E89C91C1F5722F400C8929B /* GoogleService-Info.plist */ = {isa = PBXFileReference; fileEncoding = 4; lastKnownFileType = text.plist.xml; path = "GoogleService-Info.plist"; sourceTree = "<group>"; };
		6EBB770B1F55F021009C31C1 /* Bústia de Muro.entitlements */ = {isa = PBXFileReference; lastKnownFileType = text.plist.entitlements; path = "Bústia de Muro.entitlements"; sourceTree = "<group>"; };
		6EBB770D1F55F02F009C31C1 /* MapKit.framework */ = {isa = PBXFileReference; lastKnownFileType = wrapper.framework; name = MapKit.framework; path = System/Library/Frameworks/MapKit.framework; sourceTree = SDKROOT; };
		6EBB770F1F55F059009C31C1 /* ExternalAccessory.framework */ = {isa = PBXFileReference; lastKnownFileType = wrapper.framework; name = ExternalAccessory.framework; path = System/Library/Frameworks/ExternalAccessory.framework; sourceTree = SDKROOT; };
		6EBB77141F5601CC009C31C1 /* Instrucciones.swift */ = {isa = PBXFileReference; fileEncoding = 4; lastKnownFileType = sourcecode.swift; path = Instrucciones.swift; sourceTree = "<group>"; };
		6EBB77161F560260009C31C1 /* Inicio.swift */ = {isa = PBXFileReference; fileEncoding = 4; lastKnownFileType = sourcecode.swift; path = Inicio.swift; sourceTree = "<group>"; };
		6EBB77181F560361009C31C1 /* Login.swift */ = {isa = PBXFileReference; fileEncoding = 4; lastKnownFileType = sourcecode.swift; path = Login.swift; sourceTree = "<group>"; };
		6EBB771A1F56036E009C31C1 /* Registro.swift */ = {isa = PBXFileReference; fileEncoding = 4; lastKnownFileType = sourcecode.swift; path = Registro.swift; sourceTree = "<group>"; };
		6EBB771C1F56038F009C31C1 /* Protected.swift */ = {isa = PBXFileReference; fileEncoding = 4; lastKnownFileType = sourcecode.swift; path = Protected.swift; sourceTree = "<group>"; };
		6EBB771F1F56058C009C31C1 /* ListadoMensajes.swift */ = {isa = PBXFileReference; fileEncoding = 4; lastKnownFileType = sourcecode.swift; path = ListadoMensajes.swift; sourceTree = "<group>"; };
		6EBB77231F5609D1009C31C1 /* VistaDetallada.swift */ = {isa = PBXFileReference; fileEncoding = 4; lastKnownFileType = sourcecode.swift; path = VistaDetallada.swift; sourceTree = "<group>"; };
		6EBB77261F560C77009C31C1 /* EnviarMensaje.swift */ = {isa = PBXFileReference; fileEncoding = 4; lastKnownFileType = sourcecode.swift; path = EnviarMensaje.swift; sourceTree = "<group>"; };
		6EBB77281F560CA6009C31C1 /* TableViewCell.swift */ = {isa = PBXFileReference; fileEncoding = 4; lastKnownFileType = sourcecode.swift; path = TableViewCell.swift; sourceTree = "<group>"; };
		6EBB772A1F560E22009C31C1 /* Localizacion.swift */ = {isa = PBXFileReference; fileEncoding = 4; lastKnownFileType = sourcecode.swift; path = Localizacion.swift; sourceTree = "<group>"; };
		8A1B24226B87E3C67231BB36 /* Pods_Bu_stia_de_MuroUITests.framework */ = {isa = PBXFileReference; explicitFileType = wrapper.framework; includeInIndex = 0; path = Pods_Bu_stia_de_MuroUITests.framework; sourceTree = BUILT_PRODUCTS_DIR; };
		92120DD65F1134C94E216771 /* Pods-Bústia de Muro.debug.xcconfig */ = {isa = PBXFileReference; includeInIndex = 1; lastKnownFileType = text.xcconfig; name = "Pods-Bústia de Muro.debug.xcconfig"; path = "Pods/Target Support Files/Pods-Bústia de Muro/Pods-Bústia de Muro.debug.xcconfig"; sourceTree = "<group>"; };
		D524FF6BC9D3A79EE8399A24 /* Pods-Bústia de MuroTests.debug.xcconfig */ = {isa = PBXFileReference; includeInIndex = 1; lastKnownFileType = text.xcconfig; name = "Pods-Bústia de MuroTests.debug.xcconfig"; path = "Pods/Target Support Files/Pods-Bústia de MuroTests/Pods-Bústia de MuroTests.debug.xcconfig"; sourceTree = "<group>"; };
		D9E04C0EE9AB6C37109C3E12 /* Pods_Bu_stia_de_MuroTests.framework */ = {isa = PBXFileReference; explicitFileType = wrapper.framework; includeInIndex = 0; path = Pods_Bu_stia_de_MuroTests.framework; sourceTree = BUILT_PRODUCTS_DIR; };
/* End PBXFileReference section */

/* Begin PBXFrameworksBuildPhase section */
		6E0EFA051F556AB1002EAF24 /* Frameworks */ = {
			isa = PBXFrameworksBuildPhase;
			buildActionMask = 2147483647;
			files = (
				6EBB77101F55F059009C31C1 /* ExternalAccessory.framework in Frameworks */,
				6EBB770E1F55F02F009C31C1 /* MapKit.framework in Frameworks */,
				B64148FBB7B0C1D5E496AF13 /* Pods_Bu_stia_de_Muro.framework in Frameworks */,
			);
			runOnlyForDeploymentPostprocessing = 0;
		};
		6E0EFA1C1F556AB1002EAF24 /* Frameworks */ = {
			isa = PBXFrameworksBuildPhase;
			buildActionMask = 2147483647;
			files = (
				6FE705374B88709A56CA7557 /* Pods_Bu_stia_de_MuroTests.framework in Frameworks */,
			);
			runOnlyForDeploymentPostprocessing = 0;
		};
		6E0EFA271F556AB1002EAF24 /* Frameworks */ = {
			isa = PBXFrameworksBuildPhase;
			buildActionMask = 2147483647;
			files = (
				C6D18E3F1B4982E0D3074C38 /* Pods_Bu_stia_de_MuroUITests.framework in Frameworks */,
			);
			runOnlyForDeploymentPostprocessing = 0;
		};
/* End PBXFrameworksBuildPhase section */

/* Begin PBXGroup section */
		61577DE6B0875FD78814B68D /* Pods */ = {
			isa = PBXGroup;
			children = (
				92120DD65F1134C94E216771 /* Pods-Bústia de Muro.debug.xcconfig */,
				005E2D69394AAA4CED6B557B /* Pods-Bústia de Muro.release.xcconfig */,
				D524FF6BC9D3A79EE8399A24 /* Pods-Bústia de MuroTests.debug.xcconfig */,
				4E5E6E59B45C6FC3AB7A5089 /* Pods-Bústia de MuroTests.release.xcconfig */,
				25437329AA65D009ABFFB30E /* Pods-Bústia de MuroUITests.debug.xcconfig */,
				5DBB7CEFF70976D110749056 /* Pods-Bústia de MuroUITests.release.xcconfig */,
			);
			name = Pods;
			sourceTree = "<group>";
		};
		6E0EF9FF1F556AB1002EAF24 = {
			isa = PBXGroup;
			children = (
				6E0EFA0A1F556AB1002EAF24 /* Bústia de Muro */,
				6E0EFA221F556AB1002EAF24 /* Bústia de MuroTests */,
				6E0EFA2D1F556AB1002EAF24 /* Bústia de MuroUITests */,
				6E0EFA091F556AB1002EAF24 /* Products */,
				6EBB770C1F55F02F009C31C1 /* Frameworks */,
				61577DE6B0875FD78814B68D /* Pods */,
			);
			sourceTree = "<group>";
		};
		6E0EFA091F556AB1002EAF24 /* Products */ = {
			isa = PBXGroup;
			children = (
				6E0EFA081F556AB1002EAF24 /* Bústia de Muro.app */,
				6E0EFA1F1F556AB1002EAF24 /* Bústia de MuroTests.xctest */,
				6E0EFA2A1F556AB1002EAF24 /* Bústia de MuroUITests.xctest */,
			);
			name = Products;
			sourceTree = "<group>";
		};
		6E0EFA0A1F556AB1002EAF24 /* Bústia de Muro */ = {
			isa = PBXGroup;
			children = (
				6EBB77131F560180009C31C1 /* Views */,
				6EBB77121F560176009C31C1 /* Controllers */,
				6EBB77111F55F242009C31C1 /* Supporting Files */,
			);
			path = "Bústia de Muro";
			sourceTree = "<group>";
		};
		6E0EFA221F556AB1002EAF24 /* Bústia de MuroTests */ = {
			isa = PBXGroup;
			children = (
				6E0EFA231F556AB1002EAF24 /* Bu_stia_de_MuroTests.swift */,
				6E0EFA251F556AB1002EAF24 /* Info.plist */,
			);
			path = "Bústia de MuroTests";
			sourceTree = "<group>";
		};
		6E0EFA2D1F556AB1002EAF24 /* Bústia de MuroUITests */ = {
			isa = PBXGroup;
			children = (
				6E0EFA2E1F556AB1002EAF24 /* Bu_stia_de_MuroUITests.swift */,
				6E0EFA301F556AB1002EAF24 /* Info.plist */,
			);
			path = "Bústia de MuroUITests";
			sourceTree = "<group>";
		};
		6EBB770C1F55F02F009C31C1 /* Frameworks */ = {
			isa = PBXGroup;
			children = (
				6EBB770F1F55F059009C31C1 /* ExternalAccessory.framework */,
				6EBB770D1F55F02F009C31C1 /* MapKit.framework */,
				338C9190A8E666063F374F54 /* Pods_Bu_stia_de_Muro.framework */,
				D9E04C0EE9AB6C37109C3E12 /* Pods_Bu_stia_de_MuroTests.framework */,
				8A1B24226B87E3C67231BB36 /* Pods_Bu_stia_de_MuroUITests.framework */,
			);
			name = Frameworks;
			sourceTree = "<group>";
		};
		6EBB77111F55F242009C31C1 /* Supporting Files */ = {
			isa = PBXGroup;
			children = (
				6EBB770B1F55F021009C31C1 /* Bústia de Muro.entitlements */,
				6E0EFA0B1F556AB1002EAF24 /* AppDelegate.swift */,
				6E0EFA0F1F556AB1002EAF24 /* Main.storyboard */,
				6E0EFA151F556AB1002EAF24 /* Assets.xcassets */,
				6E0EFA171F556AB1002EAF24 /* LaunchScreen.storyboard */,
				6E89C91C1F5722F400C8929B /* GoogleService-Info.plist */,
				6E0EFA1A1F556AB1002EAF24 /* Info.plist */,
				6E0EFA121F556AB1002EAF24 /* Bu_stia_de_Muro.xcdatamodeld */,
			);
			name = "Supporting Files";
			sourceTree = "<group>";
		};
		6EBB77121F560176009C31C1 /* Controllers */ = {
			isa = PBXGroup;
			children = (
				6EBB77141F5601CC009C31C1 /* Instrucciones.swift */,
				6EBB771E1F560568009C31C1 /* Login & Registro */,
				6EBB77251F5609DB009C31C1 /* Mensajes Recibidos */,
				6EBB772C1F560E29009C31C1 /* Enviar Mensaje */,
			);
			name = Controllers;
			sourceTree = "<group>";
		};
		6EBB77131F560180009C31C1 /* Views */ = {
			isa = PBXGroup;
			children = (
				6EBB77281F560CA6009C31C1 /* TableViewCell.swift */,
			);
			name = Views;
			sourceTree = "<group>";
		};
		6EBB771E1F560568009C31C1 /* Login & Registro */ = {
			isa = PBXGroup;
			children = (
				6EBB77161F560260009C31C1 /* Inicio.swift */,
				6EBB77181F560361009C31C1 /* Login.swift */,
				6EBB771A1F56036E009C31C1 /* Registro.swift */,
				6EBB771C1F56038F009C31C1 /* Protected.swift */,
			);
			name = "Login & Registro";
			sourceTree = "<group>";
		};
		6EBB77251F5609DB009C31C1 /* Mensajes Recibidos */ = {
			isa = PBXGroup;
			children = (
				6EBB771F1F56058C009C31C1 /* ListadoMensajes.swift */,
				6EBB77231F5609D1009C31C1 /* VistaDetallada.swift */,
			);
			name = "Mensajes Recibidos";
			sourceTree = "<group>";
		};
		6EBB772C1F560E29009C31C1 /* Enviar Mensaje */ = {
			isa = PBXGroup;
			children = (
				6EBB77261F560C77009C31C1 /* EnviarMensaje.swift */,
				6EBB772A1F560E22009C31C1 /* Localizacion.swift */,
			);
			name = "Enviar Mensaje";
			sourceTree = "<group>";
		};
/* End PBXGroup section */

/* Begin PBXNativeTarget section */
		6E0EFA071F556AB1002EAF24 /* Bústia de Muro */ = {
			isa = PBXNativeTarget;
			buildConfigurationList = 6E0EFA331F556AB1002EAF24 /* Build configuration list for PBXNativeTarget "Bústia de Muro" */;
			buildPhases = (
				FF448C363669081D5D1800CE /* [CP] Check Pods Manifest.lock */,
				6E0EFA041F556AB1002EAF24 /* Sources */,
				6E0EFA051F556AB1002EAF24 /* Frameworks */,
				6E0EFA061F556AB1002EAF24 /* Resources */,
				85748A3339AEF13B6AD10333 /* [CP] Embed Pods Frameworks */,
				64FE564F4CFA3DCF7D607400 /* [CP] Copy Pods Resources */,
			);
			buildRules = (
			);
			dependencies = (
			);
			name = "Bústia de Muro";
			productName = "Bústia de Muro";
			productReference = 6E0EFA081F556AB1002EAF24 /* Bústia de Muro.app */;
			productType = "com.apple.product-type.application";
		};
		6E0EFA1E1F556AB1002EAF24 /* Bústia de MuroTests */ = {
			isa = PBXNativeTarget;
			buildConfigurationList = 6E0EFA361F556AB1002EAF24 /* Build configuration list for PBXNativeTarget "Bústia de MuroTests" */;
			buildPhases = (
				C4079DE0CC7D4C113784BE37 /* [CP] Check Pods Manifest.lock */,
				6E0EFA1B1F556AB1002EAF24 /* Sources */,
				6E0EFA1C1F556AB1002EAF24 /* Frameworks */,
				6E0EFA1D1F556AB1002EAF24 /* Resources */,
				80BE4F0F123D2AD3509BA428 /* [CP] Embed Pods Frameworks */,
				999CDED27496D157841BEF3D /* [CP] Copy Pods Resources */,
			);
			buildRules = (
			);
			dependencies = (
				6E0EFA211F556AB1002EAF24 /* PBXTargetDependency */,
			);
			name = "Bústia de MuroTests";
			productName = "Bústia de MuroTests";
			productReference = 6E0EFA1F1F556AB1002EAF24 /* Bústia de MuroTests.xctest */;
			productType = "com.apple.product-type.bundle.unit-test";
		};
		6E0EFA291F556AB1002EAF24 /* Bústia de MuroUITests */ = {
			isa = PBXNativeTarget;
			buildConfigurationList = 6E0EFA391F556AB1002EAF24 /* Build configuration list for PBXNativeTarget "Bústia de MuroUITests" */;
			buildPhases = (
				C38431A799904C6BD5A67C54 /* [CP] Check Pods Manifest.lock */,
				6E0EFA261F556AB1002EAF24 /* Sources */,
				6E0EFA271F556AB1002EAF24 /* Frameworks */,
				6E0EFA281F556AB1002EAF24 /* Resources */,
				59341EDCF8D79E824B21D109 /* [CP] Embed Pods Frameworks */,
				E7D0500A43E7E04687523DED /* [CP] Copy Pods Resources */,
			);
			buildRules = (
			);
			dependencies = (
				6E0EFA2C1F556AB1002EAF24 /* PBXTargetDependency */,
			);
			name = "Bústia de MuroUITests";
			productName = "Bústia de MuroUITests";
			productReference = 6E0EFA2A1F556AB1002EAF24 /* Bústia de MuroUITests.xctest */;
			productType = "com.apple.product-type.bundle.ui-testing";
		};
/* End PBXNativeTarget section */

/* Begin PBXProject section */
		6E0EFA001F556AB1002EAF24 /* Project object */ = {
			isa = PBXProject;
			attributes = {
				LastSwiftUpdateCheck = 0820;
				LastUpgradeCheck = 0900;
				ORGANIZATIONNAME = "Ajuntament de Muro";
				TargetAttributes = {
					6E0EFA071F556AB1002EAF24 = {
						CreatedOnToolsVersion = 8.2.1;
						DevelopmentTeam = FYDQ4CV7PV;
						LastSwiftMigration = 0830;
						ProvisioningStyle = Automatic;
						SystemCapabilities = {
							com.apple.BackgroundModes = {
								enabled = 1;
							};
							com.apple.DataProtection = {
								enabled = 1;
							};
							com.apple.Keychain = {
								enabled = 1;
							};
							com.apple.Maps.iOS = {
								enabled = 1;
							};
							com.apple.Push = {
								enabled = 1;
							};
							com.apple.WAC = {
								enabled = 1;
							};
						};
					};
					6E0EFA1E1F556AB1002EAF24 = {
						CreatedOnToolsVersion = 8.2.1;
						DevelopmentTeam = FYDQ4CV7PV;
						LastSwiftMigration = 0830;
						ProvisioningStyle = Automatic;
						TestTargetID = 6E0EFA071F556AB1002EAF24;
					};
					6E0EFA291F556AB1002EAF24 = {
						CreatedOnToolsVersion = 8.2.1;
						DevelopmentTeam = FYDQ4CV7PV;
						LastSwiftMigration = 0830;
						ProvisioningStyle = Automatic;
						TestTargetID = 6E0EFA071F556AB1002EAF24;
					};
				};
			};
			buildConfigurationList = 6E0EFA031F556AB1002EAF24 /* Build configuration list for PBXProject "Bústia de Muro" */;
			compatibilityVersion = "Xcode 3.2";
			developmentRegion = English;
			hasScannedForEncodings = 0;
			knownRegions = (
				en,
				Base,
			);
			mainGroup = 6E0EF9FF1F556AB1002EAF24;
			productRefGroup = 6E0EFA091F556AB1002EAF24 /* Products */;
			projectDirPath = "";
			projectRoot = "";
			targets = (
				6E0EFA071F556AB1002EAF24 /* Bústia de Muro */,
				6E0EFA1E1F556AB1002EAF24 /* Bústia de MuroTests */,
				6E0EFA291F556AB1002EAF24 /* Bústia de MuroUITests */,
			);
		};
/* End PBXProject section */

/* Begin PBXResourcesBuildPhase section */
		6E0EFA061F556AB1002EAF24 /* Resources */ = {
			isa = PBXResourcesBuildPhase;
			buildActionMask = 2147483647;
			files = (
				6E0EFA191F556AB1002EAF24 /* LaunchScreen.storyboard in Resources */,
				6E0EFA161F556AB1002EAF24 /* Assets.xcassets in Resources */,
				6E89C91D1F5722F400C8929B /* GoogleService-Info.plist in Resources */,
				6E0EFA111F556AB1002EAF24 /* Main.storyboard in Resources */,
			);
			runOnlyForDeploymentPostprocessing = 0;
		};
		6E0EFA1D1F556AB1002EAF24 /* Resources */ = {
			isa = PBXResourcesBuildPhase;
			buildActionMask = 2147483647;
			files = (
			);
			runOnlyForDeploymentPostprocessing = 0;
		};
		6E0EFA281F556AB1002EAF24 /* Resources */ = {
			isa = PBXResourcesBuildPhase;
			buildActionMask = 2147483647;
			files = (
			);
			runOnlyForDeploymentPostprocessing = 0;
		};
/* End PBXResourcesBuildPhase section */

/* Begin PBXShellScriptBuildPhase section */
		59341EDCF8D79E824B21D109 /* [CP] Embed Pods Frameworks */ = {
			isa = PBXShellScriptBuildPhase;
			buildActionMask = 2147483647;
			files = (
			);
			inputPaths = (
			);
			name = "[CP] Embed Pods Frameworks";
			outputPaths = (
			);
			runOnlyForDeploymentPostprocessing = 0;
			shellPath = /bin/sh;
			shellScript = "\"${SRCROOT}/Pods/Target Support Files/Pods-Bústia de MuroUITests/Pods-Bústia de MuroUITests-frameworks.sh\"\n";
			showEnvVarsInLog = 0;
		};
		64FE564F4CFA3DCF7D607400 /* [CP] Copy Pods Resources */ = {
			isa = PBXShellScriptBuildPhase;
			buildActionMask = 2147483647;
			files = (
			);
			inputPaths = (
			);
			name = "[CP] Copy Pods Resources";
			outputPaths = (
			);
			runOnlyForDeploymentPostprocessing = 0;
			shellPath = /bin/sh;
			shellScript = "\"${SRCROOT}/Pods/Target Support Files/Pods-Bústia de Muro/Pods-Bústia de Muro-resources.sh\"\n";
			showEnvVarsInLog = 0;
		};
		80BE4F0F123D2AD3509BA428 /* [CP] Embed Pods Frameworks */ = {
			isa = PBXShellScriptBuildPhase;
			buildActionMask = 2147483647;
			files = (
			);
			inputPaths = (
			);
			name = "[CP] Embed Pods Frameworks";
			outputPaths = (
			);
			runOnlyForDeploymentPostprocessing = 0;
			shellPath = /bin/sh;
			shellScript = "\"${SRCROOT}/Pods/Target Support Files/Pods-Bústia de MuroTests/Pods-Bústia de MuroTests-frameworks.sh\"\n";
			showEnvVarsInLog = 0;
		};
		85748A3339AEF13B6AD10333 /* [CP] Embed Pods Frameworks */ = {
			isa = PBXShellScriptBuildPhase;
			buildActionMask = 2147483647;
			files = (
			);
			inputPaths = (
			);
			name = "[CP] Embed Pods Frameworks";
			outputPaths = (
			);
			runOnlyForDeploymentPostprocessing = 0;
			shellPath = /bin/sh;
			shellScript = "\"${SRCROOT}/Pods/Target Support Files/Pods-Bústia de Muro/Pods-Bústia de Muro-frameworks.sh\"\n";
			showEnvVarsInLog = 0;
		};
		999CDED27496D157841BEF3D /* [CP] Copy Pods Resources */ = {
			isa = PBXShellScriptBuildPhase;
			buildActionMask = 2147483647;
			files = (
			);
			inputPaths = (
			);
			name = "[CP] Copy Pods Resources";
			outputPaths = (
			);
			runOnlyForDeploymentPostprocessing = 0;
			shellPath = /bin/sh;
			shellScript = "\"${SRCROOT}/Pods/Target Support Files/Pods-Bústia de MuroTests/Pods-Bústia de MuroTests-resources.sh\"\n";
			showEnvVarsInLog = 0;
		};
		C38431A799904C6BD5A67C54 /* [CP] Check Pods Manifest.lock */ = {
			isa = PBXShellScriptBuildPhase;
			buildActionMask = 2147483647;
			files = (
			);
			inputPaths = (
			);
			name = "[CP] Check Pods Manifest.lock";
			outputPaths = (
			);
			runOnlyForDeploymentPostprocessing = 0;
			shellPath = /bin/sh;
			shellScript = "diff \"${PODS_ROOT}/../Podfile.lock\" \"${PODS_ROOT}/Manifest.lock\" > /dev/null\nif [ $? != 0 ] ; then\n    # print error to STDERR\n    echo \"error: The sandbox is not in sync with the Podfile.lock. Run 'pod install' or update your CocoaPods installation.\" >&2\n    exit 1\nfi\n";
			showEnvVarsInLog = 0;
		};
		C4079DE0CC7D4C113784BE37 /* [CP] Check Pods Manifest.lock */ = {
			isa = PBXShellScriptBuildPhase;
			buildActionMask = 2147483647;
			files = (
			);
			inputPaths = (
			);
			name = "[CP] Check Pods Manifest.lock";
			outputPaths = (
			);
			runOnlyForDeploymentPostprocessing = 0;
			shellPath = /bin/sh;
			shellScript = "diff \"${PODS_ROOT}/../Podfile.lock\" \"${PODS_ROOT}/Manifest.lock\" > /dev/null\nif [ $? != 0 ] ; then\n    # print error to STDERR\n    echo \"error: The sandbox is not in sync with the Podfile.lock. Run 'pod install' or update your CocoaPods installation.\" >&2\n    exit 1\nfi\n";
			showEnvVarsInLog = 0;
		};
		E7D0500A43E7E04687523DED /* [CP] Copy Pods Resources */ = {
			isa = PBXShellScriptBuildPhase;
			buildActionMask = 2147483647;
			files = (
			);
			inputPaths = (
			);
			name = "[CP] Copy Pods Resources";
			outputPaths = (
			);
			runOnlyForDeploymentPostprocessing = 0;
			shellPath = /bin/sh;
			shellScript = "\"${SRCROOT}/Pods/Target Support Files/Pods-Bústia de MuroUITests/Pods-Bústia de MuroUITests-resources.sh\"\n";
			showEnvVarsInLog = 0;
		};
		FF448C363669081D5D1800CE /* [CP] Check Pods Manifest.lock */ = {
			isa = PBXShellScriptBuildPhase;
			buildActionMask = 2147483647;
			files = (
			);
			inputPaths = (
			);
			name = "[CP] Check Pods Manifest.lock";
			outputPaths = (
			);
			runOnlyForDeploymentPostprocessing = 0;
			shellPath = /bin/sh;
			shellScript = "diff \"${PODS_ROOT}/../Podfile.lock\" \"${PODS_ROOT}/Manifest.lock\" > /dev/null\nif [ $? != 0 ] ; then\n    # print error to STDERR\n    echo \"error: The sandbox is not in sync with the Podfile.lock. Run 'pod install' or update your CocoaPods installation.\" >&2\n    exit 1\nfi\n";
			showEnvVarsInLog = 0;
		};
/* End PBXShellScriptBuildPhase section */

/* Begin PBXSourcesBuildPhase section */
		6E0EFA041F556AB1002EAF24 /* Sources */ = {
			isa = PBXSourcesBuildPhase;
			buildActionMask = 2147483647;
			files = (
				6E0EFA141F556AB1002EAF24 /* Bu_stia_de_Muro.xcdatamodeld in Sources */,
				6EBB77191F560361009C31C1 /* Login.swift in Sources */,
				6EBB771D1F56038F009C31C1 /* Protected.swift in Sources */,
				6EBB771B1F56036E009C31C1 /* Registro.swift in Sources */,
				6E0EFA0C1F556AB1002EAF24 /* AppDelegate.swift in Sources */,
				6EBB77241F5609D1009C31C1 /* VistaDetallada.swift in Sources */,
				6EBB77291F560CA6009C31C1 /* TableViewCell.swift in Sources */,
				6EBB77171F560260009C31C1 /* Inicio.swift in Sources */,
				6EBB77201F56058C009C31C1 /* ListadoMensajes.swift in Sources */,
				6EBB772B1F560E22009C31C1 /* Localizacion.swift in Sources */,
				6EBB77271F560C77009C31C1 /* EnviarMensaje.swift in Sources */,
				6EBB77151F5601CC009C31C1 /* Instrucciones.swift in Sources */,
			);
			runOnlyForDeploymentPostprocessing = 0;
		};
		6E0EFA1B1F556AB1002EAF24 /* Sources */ = {
			isa = PBXSourcesBuildPhase;
			buildActionMask = 2147483647;
			files = (
				6E0EFA241F556AB1002EAF24 /* Bu_stia_de_MuroTests.swift in Sources */,
			);
			runOnlyForDeploymentPostprocessing = 0;
		};
		6E0EFA261F556AB1002EAF24 /* Sources */ = {
			isa = PBXSourcesBuildPhase;
			buildActionMask = 2147483647;
			files = (
				6E0EFA2F1F556AB1002EAF24 /* Bu_stia_de_MuroUITests.swift in Sources */,
			);
			runOnlyForDeploymentPostprocessing = 0;
		};
/* End PBXSourcesBuildPhase section */

/* Begin PBXTargetDependency section */
		6E0EFA211F556AB1002EAF24 /* PBXTargetDependency */ = {
			isa = PBXTargetDependency;
			target = 6E0EFA071F556AB1002EAF24 /* Bústia de Muro */;
			targetProxy = 6E0EFA201F556AB1002EAF24 /* PBXContainerItemProxy */;
		};
		6E0EFA2C1F556AB1002EAF24 /* PBXTargetDependency */ = {
			isa = PBXTargetDependency;
			target = 6E0EFA071F556AB1002EAF24 /* Bústia de Muro */;
			targetProxy = 6E0EFA2B1F556AB1002EAF24 /* PBXContainerItemProxy */;
		};
/* End PBXTargetDependency section */

/* Begin PBXVariantGroup section */
		6E0EFA0F1F556AB1002EAF24 /* Main.storyboard */ = {
			isa = PBXVariantGroup;
			children = (
				6E0EFA101F556AB1002EAF24 /* Base */,
				6E5BBDC41F63148A003517E9 /* es */,
				6E5BBDC61F631495003517E9 /* ca */,
			);
			name = Main.storyboard;
			sourceTree = "<group>";
		};
		6E0EFA171F556AB1002EAF24 /* LaunchScreen.storyboard */ = {
			isa = PBXVariantGroup;
			children = (
				6E0EFA181F556AB1002EAF24 /* Base */,
				6E5BBDC51F63148A003517E9 /* es */,
				6E5BBDC71F631495003517E9 /* ca */,
			);
			name = LaunchScreen.storyboard;
			sourceTree = "<group>";
		};
/* End PBXVariantGroup section */

/* Begin XCBuildConfiguration section */
		6E0EFA311F556AB1002EAF24 /* Debug */ = {
			isa = XCBuildConfiguration;
			buildSettings = {
				ALWAYS_SEARCH_USER_PATHS = NO;
				CLANG_ANALYZER_LOCALIZABILITY_NONLOCALIZED = YES;
				CLANG_ANALYZER_NONNULL = YES;
				CLANG_CXX_LANGUAGE_STANDARD = "gnu++0x";
				CLANG_CXX_LIBRARY = "libc++";
				CLANG_ENABLE_MODULES = YES;
				CLANG_ENABLE_OBJC_ARC = YES;
				CLANG_WARN_BLOCK_CAPTURE_AUTORELEASING = YES;
				CLANG_WARN_BOOL_CONVERSION = YES;
				CLANG_WARN_COMMA = YES;
				CLANG_WARN_CONSTANT_CONVERSION = YES;
				CLANG_WARN_DIRECT_OBJC_ISA_USAGE = YES_ERROR;
				CLANG_WARN_DOCUMENTATION_COMMENTS = YES;
				CLANG_WARN_EMPTY_BODY = YES;
				CLANG_WARN_ENUM_CONVERSION = YES;
				CLANG_WARN_INFINITE_RECURSION = YES;
				CLANG_WARN_INT_CONVERSION = YES;
				CLANG_WARN_NON_LITERAL_NULL_CONVERSION = YES;
				CLANG_WARN_OBJC_LITERAL_CONVERSION = YES;
				CLANG_WARN_OBJC_ROOT_CLASS = YES_ERROR;
				CLANG_WARN_RANGE_LOOP_ANALYSIS = YES;
				CLANG_WARN_STRICT_PROTOTYPES = YES;
				CLANG_WARN_SUSPICIOUS_MOVE = YES;
				CLANG_WARN_UNREACHABLE_CODE = YES;
				CLANG_WARN__DUPLICATE_METHOD_MATCH = YES;
				"CODE_SIGN_IDENTITY[sdk=iphoneos*]" = "iPhone Developer";
				COPY_PHASE_STRIP = NO;
				DEBUG_INFORMATION_FORMAT = dwarf;
				ENABLE_STRICT_OBJC_MSGSEND = YES;
				ENABLE_TESTABILITY = YES;
				GCC_C_LANGUAGE_STANDARD = gnu99;
				GCC_DYNAMIC_NO_PIC = NO;
				GCC_NO_COMMON_BLOCKS = YES;
				GCC_OPTIMIZATION_LEVEL = 0;
				GCC_PREPROCESSOR_DEFINITIONS = (
					"DEBUG=1",
					"$(inherited)",
				);
				GCC_WARN_64_TO_32_BIT_CONVERSION = YES;
				GCC_WARN_ABOUT_RETURN_TYPE = YES_ERROR;
				GCC_WARN_UNDECLARED_SELECTOR = YES;
				GCC_WARN_UNINITIALIZED_AUTOS = YES_AGGRESSIVE;
				GCC_WARN_UNUSED_FUNCTION = YES;
				GCC_WARN_UNUSED_VARIABLE = YES;
				IPHONEOS_DEPLOYMENT_TARGET = 10.3;
				MTL_ENABLE_DEBUG_INFO = YES;
				ONLY_ACTIVE_ARCH = YES;
				SDKROOT = iphoneos;
				SWIFT_ACTIVE_COMPILATION_CONDITIONS = DEBUG;
				SWIFT_OPTIMIZATION_LEVEL = "-Onone";
				TARGETED_DEVICE_FAMILY = "1,2";
			};
			name = Debug;
		};
		6E0EFA321F556AB1002EAF24 /* Release */ = {
			isa = XCBuildConfiguration;
			buildSettings = {
				ALWAYS_SEARCH_USER_PATHS = NO;
				CLANG_ANALYZER_LOCALIZABILITY_NONLOCALIZED = YES;
				CLANG_ANALYZER_NONNULL = YES;
				CLANG_CXX_LANGUAGE_STANDARD = "gnu++0x";
				CLANG_CXX_LIBRARY = "libc++";
				CLANG_ENABLE_MODULES = YES;
				CLANG_ENABLE_OBJC_ARC = YES;
				CLANG_WARN_BLOCK_CAPTURE_AUTORELEASING = YES;
				CLANG_WARN_BOOL_CONVERSION = YES;
				CLANG_WARN_COMMA = YES;
				CLANG_WARN_CONSTANT_CONVERSION = YES;
				CLANG_WARN_DIRECT_OBJC_ISA_USAGE = YES_ERROR;
				CLANG_WARN_DOCUMENTATION_COMMENTS = YES;
				CLANG_WARN_EMPTY_BODY = YES;
				CLANG_WARN_ENUM_CONVERSION = YES;
				CLANG_WARN_INFINITE_RECURSION = YES;
				CLANG_WARN_INT_CONVERSION = YES;
				CLANG_WARN_NON_LITERAL_NULL_CONVERSION = YES;
				CLANG_WARN_OBJC_LITERAL_CONVERSION = YES;
				CLANG_WARN_OBJC_ROOT_CLASS = YES_ERROR;
				CLANG_WARN_RANGE_LOOP_ANALYSIS = YES;
				CLANG_WARN_STRICT_PROTOTYPES = YES;
				CLANG_WARN_SUSPICIOUS_MOVE = YES;
				CLANG_WARN_UNREACHABLE_CODE = YES;
				CLANG_WARN__DUPLICATE_METHOD_MATCH = YES;
				"CODE_SIGN_IDENTITY[sdk=iphoneos*]" = "iPhone Developer";
				COPY_PHASE_STRIP = NO;
				DEBUG_INFORMATION_FORMAT = "dwarf-with-dsym";
				ENABLE_NS_ASSERTIONS = NO;
				ENABLE_STRICT_OBJC_MSGSEND = YES;
				GCC_C_LANGUAGE_STANDARD = gnu99;
				GCC_NO_COMMON_BLOCKS = YES;
				GCC_WARN_64_TO_32_BIT_CONVERSION = YES;
				GCC_WARN_ABOUT_RETURN_TYPE = YES_ERROR;
				GCC_WARN_UNDECLARED_SELECTOR = YES;
				GCC_WARN_UNINITIALIZED_AUTOS = YES_AGGRESSIVE;
				GCC_WARN_UNUSED_FUNCTION = YES;
				GCC_WARN_UNUSED_VARIABLE = YES;
				IPHONEOS_DEPLOYMENT_TARGET = 10.3;
				MTL_ENABLE_DEBUG_INFO = NO;
				ONLY_ACTIVE_ARCH = YES;
				SDKROOT = iphoneos;
				SWIFT_OPTIMIZATION_LEVEL = "-Owholemodule";
				TARGETED_DEVICE_FAMILY = "1,2";
				VALIDATE_PRODUCT = YES;
			};
			name = Release;
		};
		6E0EFA341F556AB1002EAF24 /* Debug */ = {
			isa = XCBuildConfiguration;
			baseConfigurationReference = 92120DD65F1134C94E216771 /* Pods-Bústia de Muro.debug.xcconfig */;
			buildSettings = {
				ALWAYS_EMBED_SWIFT_STANDARD_LIBRARIES = YES;
				ASSETCATALOG_COMPILER_APPICON_NAME = AppIcon;
				CODE_SIGN_ENTITLEMENTS = "Bústia de Muro/Bústia de Muro.entitlements";
				DEVELOPMENT_TEAM = FYDQ4CV7PV;
				INFOPLIST_FILE = "Bústia de Muro/Info.plist";
				IPHONEOS_DEPLOYMENT_TARGET = 10.2;
				LD_RUNPATH_SEARCH_PATHS = "$(inherited) @executable_path/Frameworks";
				PRODUCT_BUNDLE_IDENTIFIER = "com.aytomuro.Bu-stia-de-Muro";
				PRODUCT_NAME = "$(TARGET_NAME)";
				SWIFT_VERSION = 3.0;
				TARGETED_DEVICE_FAMILY = "1,2";
			};
			name = Debug;
		};
		6E0EFA351F556AB1002EAF24 /* Release */ = {
			isa = XCBuildConfiguration;
			baseConfigurationReference = 005E2D69394AAA4CED6B557B /* Pods-Bústia de Muro.release.xcconfig */;
			buildSettings = {
				ALWAYS_EMBED_SWIFT_STANDARD_LIBRARIES = YES;
				ASSETCATALOG_COMPILER_APPICON_NAME = AppIcon;
				CODE_SIGN_ENTITLEMENTS = "Bústia de Muro/Bústia de Muro.entitlements";
				DEVELOPMENT_TEAM = FYDQ4CV7PV;
				INFOPLIST_FILE = "Bústia de Muro/Info.plist";
				IPHONEOS_DEPLOYMENT_TARGET = 10.2;
				LD_RUNPATH_SEARCH_PATHS = "$(inherited) @executable_path/Frameworks";
				PRODUCT_BUNDLE_IDENTIFIER = "com.aytomuro.Bu-stia-de-Muro";
				PRODUCT_NAME = "$(TARGET_NAME)";
				SWIFT_VERSION = 3.0;
				TARGETED_DEVICE_FAMILY = "1,2";
			};
			name = Release;
		};
		6E0EFA371F556AB1002EAF24 /* Debug */ = {
			isa = XCBuildConfiguration;
			baseConfigurationReference = D524FF6BC9D3A79EE8399A24 /* Pods-Bústia de MuroTests.debug.xcconfig */;
			buildSettings = {
				ALWAYS_EMBED_SWIFT_STANDARD_LIBRARIES = YES;
				BUNDLE_LOADER = "$(TEST_HOST)";
				DEVELOPMENT_TEAM = FYDQ4CV7PV;
				INFOPLIST_FILE = "Bústia de MuroTests/Info.plist";
				LD_RUNPATH_SEARCH_PATHS = "$(inherited) @executable_path/Frameworks @loader_path/Frameworks";
				PRODUCT_BUNDLE_IDENTIFIER = "com.Bu-stia-de-MuroTests";
				PRODUCT_NAME = "$(TARGET_NAME)";
				SWIFT_VERSION = 3.0;
				TEST_HOST = "$(BUILT_PRODUCTS_DIR)/Bústia de Muro.app/Bústia de Muro";
			};
			name = Debug;
		};
		6E0EFA381F556AB1002EAF24 /* Release */ = {
			isa = XCBuildConfiguration;
			baseConfigurationReference = 4E5E6E59B45C6FC3AB7A5089 /* Pods-Bústia de MuroTests.release.xcconfig */;
			buildSettings = {
				ALWAYS_EMBED_SWIFT_STANDARD_LIBRARIES = YES;
				BUNDLE_LOADER = "$(TEST_HOST)";
				DEVELOPMENT_TEAM = FYDQ4CV7PV;
				INFOPLIST_FILE = "Bústia de MuroTests/Info.plist";
				LD_RUNPATH_SEARCH_PATHS = "$(inherited) @executable_path/Frameworks @loader_path/Frameworks";
				PRODUCT_BUNDLE_IDENTIFIER = "com.Bu-stia-de-MuroTests";
				PRODUCT_NAME = "$(TARGET_NAME)";
				SWIFT_VERSION = 3.0;
				TEST_HOST = "$(BUILT_PRODUCTS_DIR)/Bústia de Muro.app/Bústia de Muro";
			};
			name = Release;
		};
		6E0EFA3A1F556AB1002EAF24 /* Debug */ = {
			isa = XCBuildConfiguration;
			baseConfigurationReference = 25437329AA65D009ABFFB30E /* Pods-Bústia de MuroUITests.debug.xcconfig */;
			buildSettings = {
				ALWAYS_EMBED_SWIFT_STANDARD_LIBRARIES = YES;
				DEVELOPMENT_TEAM = FYDQ4CV7PV;
				INFOPLIST_FILE = "Bústia de MuroUITests/Info.plist";
				LD_RUNPATH_SEARCH_PATHS = "$(inherited) @executable_path/Frameworks @loader_path/Frameworks";
				PRODUCT_BUNDLE_IDENTIFIER = "com.Bu-stia-de-MuroUITests";
				PRODUCT_NAME = "$(TARGET_NAME)";
				SWIFT_VERSION = 3.0;
				TEST_TARGET_NAME = "Bústia de Muro";
			};
			name = Debug;
		};
		6E0EFA3B1F556AB1002EAF24 /* Release */ = {
			isa = XCBuildConfiguration;
			baseConfigurationReference = 5DBB7CEFF70976D110749056 /* Pods-Bústia de MuroUITests.release.xcconfig */;
			buildSettings = {
				ALWAYS_EMBED_SWIFT_STANDARD_LIBRARIES = YES;
				DEVELOPMENT_TEAM = FYDQ4CV7PV;
				INFOPLIST_FILE = "Bústia de MuroUITests/Info.plist";
				LD_RUNPATH_SEARCH_PATHS = "$(inherited) @executable_path/Frameworks @loader_path/Frameworks";
				PRODUCT_BUNDLE_IDENTIFIER = "com.Bu-stia-de-MuroUITests";
				PRODUCT_NAME = "$(TARGET_NAME)";
				SWIFT_VERSION = 3.0;
				TEST_TARGET_NAME = "Bústia de Muro";
			};
			name = Release;
		};
/* End XCBuildConfiguration section */

/* Begin XCConfigurationList section */
		6E0EFA031F556AB1002EAF24 /* Build configuration list for PBXProject "Bústia de Muro" */ = {
			isa = XCConfigurationList;
			buildConfigurations = (
				6E0EFA311F556AB1002EAF24 /* Debug */,
				6E0EFA321F556AB1002EAF24 /* Release */,
			);
			defaultConfigurationIsVisible = 0;
			defaultConfigurationName = Release;
		};
		6E0EFA331F556AB1002EAF24 /* Build configuration list for PBXNativeTarget "Bústia de Muro" */ = {
			isa = XCConfigurationList;
			buildConfigurations = (
				6E0EFA341F556AB1002EAF24 /* Debug */,
				6E0EFA351F556AB1002EAF24 /* Release */,
			);
			defaultConfigurationIsVisible = 0;
			defaultConfigurationName = Release;
		};
		6E0EFA361F556AB1002EAF24 /* Build configuration list for PBXNativeTarget "Bústia de MuroTests" */ = {
			isa = XCConfigurationList;
			buildConfigurations = (
				6E0EFA371F556AB1002EAF24 /* Debug */,
				6E0EFA381F556AB1002EAF24 /* Release */,
			);
			defaultConfigurationIsVisible = 0;
			defaultConfigurationName = Release;
		};
		6E0EFA391F556AB1002EAF24 /* Build configuration list for PBXNativeTarget "Bústia de MuroUITests" */ = {
			isa = XCConfigurationList;
			buildConfigurations = (
				6E0EFA3A1F556AB1002EAF24 /* Debug */,
				6E0EFA3B1F556AB1002EAF24 /* Release */,
			);
			defaultConfigurationIsVisible = 0;
			defaultConfigurationName = Release;
		};
/* End XCConfigurationList section */

/* Begin XCVersionGroup section */
		6E0EFA121F556AB1002EAF24 /* Bu_stia_de_Muro.xcdatamodeld */ = {
			isa = XCVersionGroup;
			children = (
				6E0EFA131F556AB1002EAF24 /* Bu_stia_de_Muro.xcdatamodel */,
			);
			currentVersion = 6E0EFA131F556AB1002EAF24 /* Bu_stia_de_Muro.xcdatamodel */;
			path = Bu_stia_de_Muro.xcdatamodeld;
			sourceTree = "<group>";
			versionGroupType = wrapper.xcdatamodel;
		};
/* End XCVersionGroup section */
	};
	rootObject = 6E0EFA001F556AB1002EAF24 /* Project object */;
}
